
Microsoft Visual Studio Solution File, Format Version 12.00
# Visual Studio Version 16
VisualStudioVersion = 16.0.30114.105
MinimumVisualStudioVersion = 10.0.40219.1
Project("{2150E333-8FDC-42A3-9474-1A3956D46DE8}") = "src", "src", "{5906A386-EB1A-4FFD-9813-0B8EF57E3C44}"
EndProject
Project("{F2A71F9B-5D33-465A-A702-920D77279786}") = "Library", "src\Library\Library.fsproj", "{E594C383-C8B3-43D4-A190-7CBCBC09C18E}"
EndProject
Project("{F2A71F9B-5D33-465A-A702-920D77279786}") = "App", "src\App\App.fsproj", "{325C4351-5CFD-4313-983E-ED8185C6FC62}"
EndProject
Global
	GlobalSection(SolutionConfigurationPlatforms) = preSolution
		Debug|Any CPU = Debug|Any CPU
		Release|Any CPU = Release|Any CPU
	EndGlobalSection
	GlobalSection(SolutionProperties) = preSolution
		HideSolutionNode = FALSE
	EndGlobalSection
	GlobalSection(ProjectConfigurationPlatforms) = postSolution
		{E594C383-C8B3-43D4-A190-7CBCBC09C18E}.Debug|Any CPU.ActiveCfg = Debug|Any CPU
		{E594C383-C8B3-43D4-A190-7CBCBC09C18E}.Debug|Any CPU.Build.0 = Debug|Any CPU
		{E594C383-C8B3-43D4-A190-7CBCBC09C18E}.Release|Any CPU.ActiveCfg = Release|Any CPU
		{E594C383-C8B3-43D4-A190-7CBCBC09C18E}.Release|Any CPU.Build.0 = Release|Any CPU
		{325C4351-5CFD-4313-983E-ED8185C6FC62}.Debug|Any CPU.ActiveCfg = Debug|Any CPU
		{325C4351-5CFD-4313-983E-ED8185C6FC62}.Debug|Any CPU.Build.0 = Debug|Any CPU
		{325C4351-5CFD-4313-983E-ED8185C6FC62}.Release|Any CPU.ActiveCfg = Release|Any CPU
		{325C4351-5CFD-4313-983E-ED8185C6FC62}.Release|Any CPU.Build.0 = Release|Any CPU
	EndGlobalSection
	GlobalSection(NestedProjects) = preSolution
		{E594C383-C8B3-43D4-A190-7CBCBC09C18E} = {5906A386-EB1A-4FFD-9813-0B8EF57E3C44}
		{325C4351-5CFD-4313-983E-ED8185C6FC62} = {5906A386-EB1A-4FFD-9813-0B8EF57E3C44}
	EndGlobalSection
EndGlobal
